
Microsoft Visual Studio Solution File, Format Version 12.00
# Visual Studio Version 17
VisualStudioVersion = 17.0.31903.59
MinimumVisualStudioVersion = 10.0.40219.1
Project("{FAE04EC0-301F-11D3-BF4B-00C04F79EFBC}") = "Stratum.Core", "Stratum.Core\Stratum.Core.csproj", "{6F7921B8-A96B-406D-926B-D8992661589D}"
EndProject
Project("{FAE04EC0-301F-11D3-BF4B-00C04F79EFBC}") = "Stratum.Test", "Stratum.Test\Stratum.Test.csproj", "{DF5C2CCA-5850-4CB5-A76A-D0A51B7BF9C5}"
EndProject
Project("{FAE04EC0-301F-11D3-BF4B-00C04F79EFBC}") = "Stratum.Desktop", "Stratum.Desktop\Stratum.Desktop.csproj", "{AA2A01F1-9D1C-48A3-86F1-79121743B157}"
EndProject
Global
	GlobalSection(SolutionConfigurationPlatforms) = preSolution
		Debug|Any CPU = Debug|Any CPU
		Debug|x64 = Debug|x64
		Debug|x86 = Debug|x86
		Release|Any CPU = Release|Any CPU
		Release|x64 = Release|x64
		Release|x86 = Release|x86
	EndGlobalSection
	GlobalSection(ProjectConfigurationPlatforms) = postSolution
		{6F7921B8-A96B-406D-926B-D8992661589D}.Debug|Any CPU.ActiveCfg = Debug|Any CPU
		{6F7921B8-A96B-406D-926B-D8992661589D}.Debug|Any CPU.Build.0 = Debug|Any CPU
		{6F7921B8-A96B-406D-926B-D8992661589D}.Debug|x64.ActiveCfg = Debug|Any CPU
		{6F7921B8-A96B-406D-926B-D8992661589D}.Debug|x64.Build.0 = Debug|Any CPU
		{6F7921B8-A96B-406D-926B-D8992661589D}.Debug|x86.ActiveCfg = Debug|Any CPU
		{6F7921B8-A96B-406D-926B-D8992661589D}.Debug|x86.Build.0 = Debug|Any CPU
		{6F7921B8-A96B-406D-926B-D8992661589D}.Release|Any CPU.ActiveCfg = Release|Any CPU
		{6F7921B8-A96B-406D-926B-D8992661589D}.Release|Any CPU.Build.0 = Release|Any CPU
		{6F7921B8-A96B-406D-926B-D8992661589D}.Release|x64.ActiveCfg = Release|Any CPU
		{6F7921B8-A96B-406D-926B-D8992661589D}.Release|x64.Build.0 = Release|Any CPU
		{6F7921B8-A96B-406D-926B-D8992661589D}.Release|x86.ActiveCfg = Release|Any CPU
		{6F7921B8-A96B-406D-926B-D8992661589D}.Release|x86.Build.0 = Release|Any CPU
		{DF5C2CCA-5850-4CB5-A76A-D0A51B7BF9C5}.Debug|Any CPU.ActiveCfg = Debug|Any CPU
		{DF5C2CCA-5850-4CB5-A76A-D0A51B7BF9C5}.Debug|Any CPU.Build.0 = Debug|Any CPU
		{DF5C2CCA-5850-4CB5-A76A-D0A51B7BF9C5}.Debug|x64.ActiveCfg = Debug|Any CPU
		{DF5C2CCA-5850-4CB5-A76A-D0A51B7BF9C5}.Debug|x64.Build.0 = Debug|Any CPU
		{DF5C2CCA-5850-4CB5-A76A-D0A51B7BF9C5}.Debug|x86.ActiveCfg = Debug|Any CPU
		{DF5C2CCA-5850-4CB5-A76A-D0A51B7BF9C5}.Debug|x86.Build.0 = Debug|Any CPU
		{DF5C2CCA-5850-4CB5-A76A-D0A51B7BF9C5}.Release|Any CPU.ActiveCfg = Release|Any CPU
		{DF5C2CCA-5850-4CB5-A76A-D0A51B7BF9C5}.Release|Any CPU.Build.0 = Release|Any CPU
		{DF5C2CCA-5850-4CB5-A76A-D0A51B7BF9C5}.Release|x64.ActiveCfg = Release|Any CPU
		{DF5C2CCA-5850-4CB5-A76A-D0A51B7BF9C5}.Release|x64.Build.0 = Release|Any CPU
		{DF5C2CCA-5850-4CB5-A76A-D0A51B7BF9C5}.Release|x86.ActiveCfg = Release|Any CPU
		{DF5C2CCA-5850-4CB5-A76A-D0A51B7BF9C5}.Release|x86.Build.0 = Release|Any CPU
		{AA2A01F1-9D1C-48A3-86F1-79121743B157}.Debug|Any CPU.ActiveCfg = Debug|Any CPU
		{AA2A01F1-9D1C-48A3-86F1-79121743B157}.Debug|Any CPU.Build.0 = Debug|Any CPU
		{AA2A01F1-9D1C-48A3-86F1-79121743B157}.Debug|x64.ActiveCfg = Debug|Any CPU
		{AA2A01F1-9D1C-48A3-86F1-79121743B157}.Debug|x64.Build.0 = Debug|Any CPU
		{AA2A01F1-9D1C-48A3-86F1-79121743B157}.Debug|x86.ActiveCfg = Debug|Any CPU
		{AA2A01F1-9D1C-48A3-86F1-79121743B157}.Debug|x86.Build.0 = Debug|Any CPU
		{AA2A01F1-9D1C-48A3-86F1-79121743B157}.Release|Any CPU.ActiveCfg = Release|Any CPU
		{AA2A01F1-9D1C-48A3-86F1-79121743B157}.Release|Any CPU.Build.0 = Release|Any CPU
		{AA2A01F1-9D1C-48A3-86F1-79121743B157}.Release|x64.ActiveCfg = Release|Any CPU
		{AA2A01F1-9D1C-48A3-86F1-79121743B157}.Release|x64.Build.0 = Release|Any CPU
		{AA2A01F1-9D1C-48A3-86F1-79121743B157}.Release|x86.ActiveCfg = Release|Any CPU
		{AA2A01F1-9D1C-48A3-86F1-79121743B157}.Release|x86.Build.0 = Release|Any CPU
	EndGlobalSection
	GlobalSection(SolutionProperties) = preSolution
		HideSolutionNode = FALSE
	EndGlobalSection
EndGlobal
